
Microsoft Visual Studio Solution File, Format Version 12.00
# Visual Studio Version 17
VisualStudioVersion = 17.3.32825.248
MinimumVisualStudioVersion = 10.0.40219.1
Project("{FAE04EC0-301F-11D3-BF4B-00C04F79EFBC}") = "ArgonicCore", "ArgonicCore\ArgonicCore.csproj", "{E96E1E9F-C816-4EBA-B19F-8EEE514ED173}"
EndProject
Project("{FAE04EC0-301F-11D3-BF4B-00C04F79EFBC}") = "MaterialReplacement", "MaterialReplacement\MaterialReplacement.csproj", "{76C00A7B-74E4-4185-B6E6-8E2972E8ADA0}"
EndProject
Global
	GlobalSection(SolutionConfigurationPlatforms) = preSolution
		Debug|Any CPU = Debug|Any CPU
		Release|Any CPU = Release|Any CPU
	EndGlobalSection
	GlobalSection(ProjectConfigurationPlatforms) = postSolution
		{E96E1E9F-C816-4EBA-B19F-8EEE514ED173}.Debug|Any CPU.ActiveCfg = Debug|Any CPU
		{E96E1E9F-C816-4EBA-B19F-8EEE514ED173}.Debug|Any CPU.Build.0 = Debug|Any CPU
		{E96E1E9F-C816-4EBA-B19F-8EEE514ED173}.Release|Any CPU.ActiveCfg = Release|Any CPU
		{E96E1E9F-C816-4EBA-B19F-8EEE514ED173}.Release|Any CPU.Build.0 = Release|Any CPU
		{76C00A7B-74E4-4185-B6E6-8E2972E8ADA0}.Debug|Any CPU.ActiveCfg = Debug|Any CPU
		{76C00A7B-74E4-4185-B6E6-8E2972E8ADA0}.Debug|Any CPU.Build.0 = Debug|Any CPU
		{76C00A7B-74E4-4185-B6E6-8E2972E8ADA0}.Release|Any CPU.ActiveCfg = Release|Any CPU
		{76C00A7B-74E4-4185-B6E6-8E2972E8ADA0}.Release|Any CPU.Build.0 = Release|Any CPU
	EndGlobalSection
	GlobalSection(SolutionProperties) = preSolution
		HideSolutionNode = FALSE
	EndGlobalSection
	GlobalSection(ExtensibilityGlobals) = postSolution
		SolutionGuid = {00950EF7-10D7-481F-A72B-01D070A56B8C}
	EndGlobalSection
EndGlobal
